
Microsoft Visual Studio Solution File, Format Version 12.00
# Visual Studio Version 16
VisualStudioVersion = 25.0.1703.5
MinimumVisualStudioVersion = 10.0.40219.1
Project("{FAE04EC0-301F-11D3-BF4B-00C04F79EFBC}") = "PracticeLinq", "PracticeLinq\PracticeLinq.csproj", "{2C2F8811-C419-423B-9D3B-1E7BD96E46CF}"
EndProject
Global
	GlobalSection(SolutionConfigurationPlatforms) = preSolution
		Debug|Any CPU = Debug|Any CPU
		Release|Any CPU = Release|Any CPU
	EndGlobalSection
	GlobalSection(ProjectConfigurationPlatforms) = postSolution
		{2C2F8811-C419-423B-9D3B-1E7BD96E46CF}.Debug|Any CPU.ActiveCfg = Debug|Any CPU
		{2C2F8811-C419-423B-9D3B-1E7BD96E46CF}.Debug|Any CPU.Build.0 = Debug|Any CPU
		{2C2F8811-C419-423B-9D3B-1E7BD96E46CF}.Release|Any CPU.ActiveCfg = Release|Any CPU
		{2C2F8811-C419-423B-9D3B-1E7BD96E46CF}.Release|Any CPU.Build.0 = Release|Any CPU
	EndGlobalSection
	GlobalSection(SolutionProperties) = preSolution
		HideSolutionNode = FALSE
	EndGlobalSection
	GlobalSection(ExtensibilityGlobals) = postSolution
		SolutionGuid = {2C7D06F0-65DC-45F8-BF85-A2DF93C88760}
	EndGlobalSection
EndGlobal
